// !$*UTF8*$!
{
	archiveVersion = 1;
	classes = {
	};
	objectVersion = 50;
	objects = {

/* Begin PBXBuildFile section */
		4A644BF820C7099F00FD1C21 /* TwitterService.swift in Sources */ = {isa = PBXBuildFile; fileRef = 4A644BF720C7099F00FD1C21 /* TwitterService.swift */; };
		4A644BFB20C7101A00FD1C21 /* DateFormatter+Twitter.swift in Sources */ = {isa = PBXBuildFile; fileRef = 4A644BFA20C7101A00FD1C21 /* DateFormatter+Twitter.swift */; };
		4A644BFD20C7141700FD1C21 /* Tweet.swift in Sources */ = {isa = PBXBuildFile; fileRef = 4A644BFC20C7141700FD1C21 /* Tweet.swift */; };
		4A644BFF20C719B900FD1C21 /* TimelineViewController.swift in Sources */ = {isa = PBXBuildFile; fileRef = 4A644BFE20C719B900FD1C21 /* TimelineViewController.swift */; };
		4A644C0220C71A0B00FD1C21 /* TweetCell.swift in Sources */ = {isa = PBXBuildFile; fileRef = 4A644C0120C71A0B00FD1C21 /* TweetCell.swift */; };
		4A644C0720C7209500FD1C21 /* TimelineViewModel.swift in Sources */ = {isa = PBXBuildFile; fileRef = 4A644C0620C7209500FD1C21 /* TimelineViewModel.swift */; };
		4A644C0920C7233F00FD1C21 /* ProfileHeader.swift in Sources */ = {isa = PBXBuildFile; fileRef = 4A644C0820C7233F00FD1C21 /* ProfileHeader.swift */; };
		4AE6D45220C7041E00F61667 /* AppDelegate.swift in Sources */ = {isa = PBXBuildFile; fileRef = 4AE6D45120C7041E00F61667 /* AppDelegate.swift */; };
		4AE6D45420C7041F00F61667 /* ViewController.swift in Sources */ = {isa = PBXBuildFile; fileRef = 4AE6D45320C7041F00F61667 /* ViewController.swift */; };
		4AE6D45720C7041F00F61667 /* Main.storyboard in Resources */ = {isa = PBXBuildFile; fileRef = 4AE6D45520C7041F00F61667 /* Main.storyboard */; };
		4AE6D45920C7042100F61667 /* Assets.xcassets in Resources */ = {isa = PBXBuildFile; fileRef = 4AE6D45820C7042100F61667 /* Assets.xcassets */; };
		4AE6D45C20C7042100F61667 /* LaunchScreen.storyboard in Resources */ = {isa = PBXBuildFile; fileRef = 4AE6D45A20C7042100F61667 /* LaunchScreen.storyboard */; };
		4AE6D46720C7042100F61667 /* TwitterTests.swift in Sources */ = {isa = PBXBuildFile; fileRef = 4AE6D46620C7042100F61667 /* TwitterTests.swift */; };
		4AE6D47920C707BB00F61667 /* User.swift in Sources */ = {isa = PBXBuildFile; fileRef = 4AE6D47820C707BB00F61667 /* User.swift */; };
		6B9D8A45CBF4118A3BF3A761 /* Pods_Twitter.framework in Frameworks */ = {isa = PBXBuildFile; fileRef = DE9516BD8A5EEA3C91C69968 /* Pods_Twitter.framework */; };
/* End PBXBuildFile section */

/* Begin PBXContainerItemProxy section */
		4AE6D46320C7042100F61667 /* PBXContainerItemProxy */ = {
			isa = PBXContainerItemProxy;
			containerPortal = 4AE6D44620C7041E00F61667 /* Project object */;
			proxyType = 1;
			remoteGlobalIDString = 4AE6D44D20C7041E00F61667;
			remoteInfo = Twitter;
		};
/* End PBXContainerItemProxy section */

/* Begin PBXFileReference section */
		0B6614840E2C340577B925B1 /* Pods-Twitter.debug.xcconfig */ = {isa = PBXFileReference; includeInIndex = 1; lastKnownFileType = text.xcconfig; name = "Pods-Twitter.debug.xcconfig"; path = "Pods/Target Support Files/Pods-Twitter/Pods-Twitter.debug.xcconfig"; sourceTree = "<group>"; };
		4A644BF720C7099F00FD1C21 /* TwitterService.swift */ = {isa = PBXFileReference; lastKnownFileType = sourcecode.swift; path = TwitterService.swift; sourceTree = "<group>"; };
		4A644BFA20C7101A00FD1C21 /* DateFormatter+Twitter.swift */ = {isa = PBXFileReference; lastKnownFileType = sourcecode.swift; path = "DateFormatter+Twitter.swift"; sourceTree = "<group>"; };
		4A644BFC20C7141700FD1C21 /* Tweet.swift */ = {isa = PBXFileReference; lastKnownFileType = sourcecode.swift; path = Tweet.swift; sourceTree = "<group>"; };
		4A644BFE20C719B900FD1C21 /* TimelineViewController.swift */ = {isa = PBXFileReference; lastKnownFileType = sourcecode.swift; path = TimelineViewController.swift; sourceTree = "<group>"; };
		4A644C0120C71A0B00FD1C21 /* TweetCell.swift */ = {isa = PBXFileReference; lastKnownFileType = sourcecode.swift; path = TweetCell.swift; sourceTree = "<group>"; };
		4A644C0620C7209500FD1C21 /* TimelineViewModel.swift */ = {isa = PBXFileReference; lastKnownFileType = sourcecode.swift; path = TimelineViewModel.swift; sourceTree = "<group>"; };
		4A644C0820C7233F00FD1C21 /* ProfileHeader.swift */ = {isa = PBXFileReference; lastKnownFileType = sourcecode.swift; path = ProfileHeader.swift; sourceTree = "<group>"; };
		4AE6D44E20C7041E00F61667 /* Twitter.app */ = {isa = PBXFileReference; explicitFileType = wrapper.application; includeInIndex = 0; path = Twitter.app; sourceTree = BUILT_PRODUCTS_DIR; };
		4AE6D45120C7041E00F61667 /* AppDelegate.swift */ = {isa = PBXFileReference; lastKnownFileType = sourcecode.swift; path = AppDelegate.swift; sourceTree = "<group>"; };
		4AE6D45320C7041F00F61667 /* ViewController.swift */ = {isa = PBXFileReference; lastKnownFileType = sourcecode.swift; path = ViewController.swift; sourceTree = "<group>"; };
		4AE6D45620C7041F00F61667 /* Base */ = {isa = PBXFileReference; lastKnownFileType = file.storyboard; name = Base; path = Base.lproj/Main.storyboard; sourceTree = "<group>"; };
		4AE6D45820C7042100F61667 /* Assets.xcassets */ = {isa = PBXFileReference; lastKnownFileType = folder.assetcatalog; path = Assets.xcassets; sourceTree = "<group>"; };
		4AE6D45B20C7042100F61667 /* Base */ = {isa = PBXFileReference; lastKnownFileType = file.storyboard; name = Base; path = Base.lproj/LaunchScreen.storyboard; sourceTree = "<group>"; };
		4AE6D45D20C7042100F61667 /* Info.plist */ = {isa = PBXFileReference; lastKnownFileType = text.plist.xml; path = Info.plist; sourceTree = "<group>"; };
		4AE6D46220C7042100F61667 /* TwitterTests.xctest */ = {isa = PBXFileReference; explicitFileType = wrapper.cfbundle; includeInIndex = 0; path = TwitterTests.xctest; sourceTree = BUILT_PRODUCTS_DIR; };
		4AE6D46620C7042100F61667 /* TwitterTests.swift */ = {isa = PBXFileReference; lastKnownFileType = sourcecode.swift; path = TwitterTests.swift; sourceTree = "<group>"; };
		4AE6D46820C7042100F61667 /* Info.plist */ = {isa = PBXFileReference; lastKnownFileType = text.plist.xml; path = Info.plist; sourceTree = "<group>"; };
		4AE6D47820C707BB00F61667 /* User.swift */ = {isa = PBXFileReference; lastKnownFileType = sourcecode.swift; path = User.swift; sourceTree = "<group>"; };
		6C55EB04E36952344B367D01 /* Pods-Twitter.release.xcconfig */ = {isa = PBXFileReference; includeInIndex = 1; lastKnownFileType = text.xcconfig; name = "Pods-Twitter.release.xcconfig"; path = "Pods/Target Support Files/Pods-Twitter/Pods-Twitter.release.xcconfig"; sourceTree = "<group>"; };
		DE9516BD8A5EEA3C91C69968 /* Pods_Twitter.framework */ = {isa = PBXFileReference; explicitFileType = wrapper.framework; includeInIndex = 0; path = Pods_Twitter.framework; sourceTree = BUILT_PRODUCTS_DIR; };
/* End PBXFileReference section */

/* Begin PBXFrameworksBuildPhase section */
		4AE6D44B20C7041E00F61667 /* Frameworks */ = {
			isa = PBXFrameworksBuildPhase;
			buildActionMask = 2147483647;
			files = (
				6B9D8A45CBF4118A3BF3A761 /* Pods_Twitter.framework in Frameworks */,
			);
			runOnlyForDeploymentPostprocessing = 0;
		};
		4AE6D45F20C7042100F61667 /* Frameworks */ = {
			isa = PBXFrameworksBuildPhase;
			buildActionMask = 2147483647;
			files = (
			);
			runOnlyForDeploymentPostprocessing = 0;
		};
/* End PBXFrameworksBuildPhase section */

/* Begin PBXGroup section */
		4A644BF920C7100800FD1C21 /* Extensions */ = {
			isa = PBXGroup;
			children = (
				4A644BFA20C7101A00FD1C21 /* DateFormatter+Twitter.swift */,
			);
			path = Extensions;
			sourceTree = "<group>";
		};
		4A644C0020C719F000FD1C21 /* Views */ = {
			isa = PBXGroup;
			children = (
				4A644BFE20C719B900FD1C21 /* TimelineViewController.swift */,
				4A644C0120C71A0B00FD1C21 /* TweetCell.swift */,
				4A644C0820C7233F00FD1C21 /* ProfileHeader.swift */,
			);
			path = Views;
			sourceTree = "<group>";
		};
		4A644C0520C7208500FD1C21 /* ViewModels */ = {
			isa = PBXGroup;
			children = (
				4A644C0620C7209500FD1C21 /* TimelineViewModel.swift */,
			);
			path = ViewModels;
			sourceTree = "<group>";
		};
		4AE6D44520C7041E00F61667 = {
			isa = PBXGroup;
			children = (
				4AE6D45020C7041E00F61667 /* Twitter */,
				4AE6D46520C7042100F61667 /* TwitterTests */,
				4AE6D44F20C7041E00F61667 /* Products */,
				9DAF94A3FB530A78A5EC9729 /* Pods */,
				83098FEC14EE714EC181F188 /* Frameworks */,
			);
			sourceTree = "<group>";
		};
		4AE6D44F20C7041E00F61667 /* Products */ = {
			isa = PBXGroup;
			children = (
				4AE6D44E20C7041E00F61667 /* Twitter.app */,
				4AE6D46220C7042100F61667 /* TwitterTests.xctest */,
			);
			name = Products;
			sourceTree = "<group>";
		};
		4AE6D45020C7041E00F61667 /* Twitter */ = {
			isa = PBXGroup;
			children = (
				4A644BF920C7100800FD1C21 /* Extensions */,
				4AE6D47720C7068E00F61667 /* Model */,
				4AE6D47420C7061400F61667 /* Service */,
				4AE6D47120C705F600F61667 /* Scenes */,
				4AE6D45120C7041E00F61667 /* AppDelegate.swift */,
				4AE6D45320C7041F00F61667 /* ViewController.swift */,
				4AE6D45520C7041F00F61667 /* Main.storyboard */,
				4AE6D45820C7042100F61667 /* Assets.xcassets */,
				4AE6D45A20C7042100F61667 /* LaunchScreen.storyboard */,
				4AE6D45D20C7042100F61667 /* Info.plist */,
			);
			path = Twitter;
			sourceTree = "<group>";
		};
		4AE6D46520C7042100F61667 /* TwitterTests */ = {
			isa = PBXGroup;
			children = (
				4AE6D46620C7042100F61667 /* TwitterTests.swift */,
				4AE6D46820C7042100F61667 /* Info.plist */,
			);
			path = TwitterTests;
			sourceTree = "<group>";
		};
		4AE6D47120C705F600F61667 /* Scenes */ = {
			isa = PBXGroup;
			children = (
				4AE6D47320C7060400F61667 /* Timeline */,
				4AE6D47220C705FF00F61667 /* Login */,
			);
			path = Scenes;
			sourceTree = "<group>";
		};
		4AE6D47220C705FF00F61667 /* Login */ = {
			isa = PBXGroup;
			children = (
			);
			path = Login;
			sourceTree = "<group>";
		};
		4AE6D47320C7060400F61667 /* Timeline */ = {
			isa = PBXGroup;
			children = (
				4A644C0520C7208500FD1C21 /* ViewModels */,
				4A644C0020C719F000FD1C21 /* Views */,
			);
			path = Timeline;
			sourceTree = "<group>";
		};
		4AE6D47420C7061400F61667 /* Service */ = {
			isa = PBXGroup;
			children = (
				4A644BF720C7099F00FD1C21 /* TwitterService.swift */,
			);
			path = Service;
			sourceTree = "<group>";
		};
		4AE6D47720C7068E00F61667 /* Model */ = {
			isa = PBXGroup;
			children = (
				4AE6D47820C707BB00F61667 /* User.swift */,
				4A644BFC20C7141700FD1C21 /* Tweet.swift */,
			);
			path = Model;
			sourceTree = "<group>";
		};
		83098FEC14EE714EC181F188 /* Frameworks */ = {
			isa = PBXGroup;
			children = (
				DE9516BD8A5EEA3C91C69968 /* Pods_Twitter.framework */,
			);
			name = Frameworks;
			sourceTree = "<group>";
		};
		9DAF94A3FB530A78A5EC9729 /* Pods */ = {
			isa = PBXGroup;
			children = (
				0B6614840E2C340577B925B1 /* Pods-Twitter.debug.xcconfig */,
				6C55EB04E36952344B367D01 /* Pods-Twitter.release.xcconfig */,
			);
			name = Pods;
			sourceTree = "<group>";
		};
/* End PBXGroup section */

/* Begin PBXNativeTarget section */
		4AE6D44D20C7041E00F61667 /* Twitter */ = {
			isa = PBXNativeTarget;
			buildConfigurationList = 4AE6D46B20C7042100F61667 /* Build configuration list for PBXNativeTarget "Twitter" */;
			buildPhases = (
				B098ACF05EF1D120D712D94D /* [CP] Check Pods Manifest.lock */,
				4AE6D44A20C7041E00F61667 /* Sources */,
				4AE6D44B20C7041E00F61667 /* Frameworks */,
				4AE6D44C20C7041E00F61667 /* Resources */,
				EFCE007EA1F6E1B954BBAA9A /* [CP] Embed Pods Frameworks */,
			);
			buildRules = (
			);
			dependencies = (
			);
			name = Twitter;
			productName = Twitter;
			productReference = 4AE6D44E20C7041E00F61667 /* Twitter.app */;
			productType = "com.apple.product-type.application";
		};
		4AE6D46120C7042100F61667 /* TwitterTests */ = {
			isa = PBXNativeTarget;
			buildConfigurationList = 4AE6D46E20C7042100F61667 /* Build configuration list for PBXNativeTarget "TwitterTests" */;
			buildPhases = (
				4AE6D45E20C7042100F61667 /* Sources */,
				4AE6D45F20C7042100F61667 /* Frameworks */,
				4AE6D46020C7042100F61667 /* Resources */,
			);
			buildRules = (
			);
			dependencies = (
				4AE6D46420C7042100F61667 /* PBXTargetDependency */,
			);
			name = TwitterTests;
			productName = TwitterTests;
			productReference = 4AE6D46220C7042100F61667 /* TwitterTests.xctest */;
			productType = "com.apple.product-type.bundle.unit-test";
		};
/* End PBXNativeTarget section */

/* Begin PBXProject section */
		4AE6D44620C7041E00F61667 /* Project object */ = {
			isa = PBXProject;
			attributes = {
				LastSwiftUpdateCheck = 0940;
				LastUpgradeCheck = 0940;
				ORGANIZATIONNAME = "Anthony Hoang";
				TargetAttributes = {
					4AE6D44D20C7041E00F61667 = {
						CreatedOnToolsVersion = 9.4;
					};
					4AE6D46120C7042100F61667 = {
						CreatedOnToolsVersion = 9.4;
						TestTargetID = 4AE6D44D20C7041E00F61667;
					};
				};
			};
			buildConfigurationList = 4AE6D44920C7041E00F61667 /* Build configuration list for PBXProject "Twitter" */;
			compatibilityVersion = "Xcode 9.3";
			developmentRegion = en;
			hasScannedForEncodings = 0;
			knownRegions = (
				en,
				Base,
			);
			mainGroup = 4AE6D44520C7041E00F61667;
			productRefGroup = 4AE6D44F20C7041E00F61667 /* Products */;
			projectDirPath = "";
			projectRoot = "";
			targets = (
				4AE6D44D20C7041E00F61667 /* Twitter */,
				4AE6D46120C7042100F61667 /* TwitterTests */,
			);
		};
/* End PBXProject section */

/* Begin PBXResourcesBuildPhase section */
		4AE6D44C20C7041E00F61667 /* Resources */ = {
			isa = PBXResourcesBuildPhase;
			buildActionMask = 2147483647;
			files = (
				4AE6D45C20C7042100F61667 /* LaunchScreen.storyboard in Resources */,
				4AE6D45920C7042100F61667 /* Assets.xcassets in Resources */,
				4AE6D45720C7041F00F61667 /* Main.storyboard in Resources */,
			);
			runOnlyForDeploymentPostprocessing = 0;
		};
		4AE6D46020C7042100F61667 /* Resources */ = {
			isa = PBXResourcesBuildPhase;
			buildActionMask = 2147483647;
			files = (
			);
			runOnlyForDeploymentPostprocessing = 0;
		};
/* End PBXResourcesBuildPhase section */

/* Begin PBXShellScriptBuildPhase section */
		B098ACF05EF1D120D712D94D /* [CP] Check Pods Manifest.lock */ = {
			isa = PBXShellScriptBuildPhase;
			buildActionMask = 2147483647;
			files = (
			);
			inputPaths = (
				"${PODS_PODFILE_DIR_PATH}/Podfile.lock",
				"${PODS_ROOT}/Manifest.lock",
			);
			name = "[CP] Check Pods Manifest.lock";
			outputPaths = (
				"$(DERIVED_FILE_DIR)/Pods-Twitter-checkManifestLockResult.txt",
			);
			runOnlyForDeploymentPostprocessing = 0;
			shellPath = /bin/sh;
			shellScript = "diff \"${PODS_PODFILE_DIR_PATH}/Podfile.lock\" \"${PODS_ROOT}/Manifest.lock\" > /dev/null\nif [ $? != 0 ] ; then\n    # print error to STDERR\n    echo \"error: The sandbox is not in sync with the Podfile.lock. Run 'pod install' or update your CocoaPods installation.\" >&2\n    exit 1\nfi\n# This output is used by Xcode 'outputs' to avoid re-running this script phase.\necho \"SUCCESS\" > \"${SCRIPT_OUTPUT_FILE_0}\"\n";
			showEnvVarsInLog = 0;
		};
		EFCE007EA1F6E1B954BBAA9A /* [CP] Embed Pods Frameworks */ = {
			isa = PBXShellScriptBuildPhase;
			buildActionMask = 2147483647;
			files = (
			);
			inputPaths = (
				"${SRCROOT}/Pods/Target Support Files/Pods-Twitter/Pods-Twitter-frameworks.sh",
				"${BUILT_PRODUCTS_DIR}/Alamofire/Alamofire.framework",
				"${BUILT_PRODUCTS_DIR}/Differentiator/Differentiator.framework",
				"${BUILT_PRODUCTS_DIR}/PromiseKit/PromiseKit.framework",
				"${BUILT_PRODUCTS_DIR}/R.swift.Library/Rswift.framework",
				"${BUILT_PRODUCTS_DIR}/RxCocoa/RxCocoa.framework",
				"${BUILT_PRODUCTS_DIR}/RxDataSources/RxDataSources.framework",
				"${BUILT_PRODUCTS_DIR}/RxSwift/RxSwift.framework",
				"${BUILT_PRODUCTS_DIR}/SDWebImage/SDWebImage.framework",
				"${BUILT_PRODUCTS_DIR}/SwiftMessages/SwiftMessages.framework",
				"${BUILT_PRODUCTS_DIR}/SwiftyJSON/SwiftyJSON.framework",
			);
			name = "[CP] Embed Pods Frameworks";
			outputPaths = (
				"${TARGET_BUILD_DIR}/${FRAMEWORKS_FOLDER_PATH}/Alamofire.framework",
				"${TARGET_BUILD_DIR}/${FRAMEWORKS_FOLDER_PATH}/Differentiator.framework",
				"${TARGET_BUILD_DIR}/${FRAMEWORKS_FOLDER_PATH}/PromiseKit.framework",
				"${TARGET_BUILD_DIR}/${FRAMEWORKS_FOLDER_PATH}/Rswift.framework",
				"${TARGET_BUILD_DIR}/${FRAMEWORKS_FOLDER_PATH}/RxCocoa.framework",
				"${TARGET_BUILD_DIR}/${FRAMEWORKS_FOLDER_PATH}/RxDataSources.framework",
				"${TARGET_BUILD_DIR}/${FRAMEWORKS_FOLDER_PATH}/RxSwift.framework",
				"${TARGET_BUILD_DIR}/${FRAMEWORKS_FOLDER_PATH}/SDWebImage.framework",
				"${TARGET_BUILD_DIR}/${FRAMEWORKS_FOLDER_PATH}/SwiftMessages.framework",
				"${TARGET_BUILD_DIR}/${FRAMEWORKS_FOLDER_PATH}/SwiftyJSON.framework",
			);
			runOnlyForDeploymentPostprocessing = 0;
			shellPath = /bin/sh;
			shellScript = "\"${SRCROOT}/Pods/Target Support Files/Pods-Twitter/Pods-Twitter-frameworks.sh\"\n";
			showEnvVarsInLog = 0;
		};
/* End PBXShellScriptBuildPhase section */

/* Begin PBXSourcesBuildPhase section */
		4AE6D44A20C7041E00F61667 /* Sources */ = {
			isa = PBXSourcesBuildPhase;
			buildActionMask = 2147483647;
			files = (
				4AE6D45420C7041F00F61667 /* ViewController.swift in Sources */,
				4AE6D45220C7041E00F61667 /* AppDelegate.swift in Sources */,
				4AE6D47920C707BB00F61667 /* User.swift in Sources */,
				4A644C0220C71A0B00FD1C21 /* TweetCell.swift in Sources */,
				4A644BFD20C7141700FD1C21 /* Tweet.swift in Sources */,
				4A644BFF20C719B900FD1C21 /* TimelineViewController.swift in Sources */,
				4A644BFB20C7101A00FD1C21 /* DateFormatter+Twitter.swift in Sources */,
				4A644C0720C7209500FD1C21 /* TimelineViewModel.swift in Sources */,
				4A644C0920C7233F00FD1C21 /* ProfileHeader.swift in Sources */,
				4A644BF820C7099F00FD1C21 /* TwitterService.swift in Sources */,
			);
			runOnlyForDeploymentPostprocessing = 0;
		};
		4AE6D45E20C7042100F61667 /* Sources */ = {
			isa = PBXSourcesBuildPhase;
			buildActionMask = 2147483647;
			files = (
				4AE6D46720C7042100F61667 /* TwitterTests.swift in Sources */,
			);
			runOnlyForDeploymentPostprocessing = 0;
		};
/* End PBXSourcesBuildPhase section */

/* Begin PBXTargetDependency section */
		4AE6D46420C7042100F61667 /* PBXTargetDependency */ = {
			isa = PBXTargetDependency;
			target = 4AE6D44D20C7041E00F61667 /* Twitter */;
			targetProxy = 4AE6D46320C7042100F61667 /* PBXContainerItemProxy */;
		};
/* End PBXTargetDependency section */

/* Begin PBXVariantGroup section */
		4AE6D45520C7041F00F61667 /* Main.storyboard */ = {
			isa = PBXVariantGroup;
			children = (
				4AE6D45620C7041F00F61667 /* Base */,
			);
			name = Main.storyboard;
			sourceTree = "<group>";
		};
		4AE6D45A20C7042100F61667 /* LaunchScreen.storyboard */ = {
			isa = PBXVariantGroup;
			children = (
				4AE6D45B20C7042100F61667 /* Base */,
			);
			name = LaunchScreen.storyboard;
			sourceTree = "<group>";
		};
/* End PBXVariantGroup section */

/* Begin XCBuildConfiguration section */
		4AE6D46920C7042100F61667 /* Debug */ = {
			isa = XCBuildConfiguration;
			buildSettings = {
				ALWAYS_SEARCH_USER_PATHS = NO;
				CLANG_ANALYZER_NONNULL = YES;
				CLANG_ANALYZER_NUMBER_OBJECT_CONVERSION = YES_AGGRESSIVE;
				CLANG_CXX_LANGUAGE_STANDARD = "gnu++14";
				CLANG_CXX_LIBRARY = "libc++";
				CLANG_ENABLE_MODULES = YES;
				CLANG_ENABLE_OBJC_ARC = YES;
				CLANG_ENABLE_OBJC_WEAK = YES;
				CLANG_WARN_BLOCK_CAPTURE_AUTORELEASING = YES;
				CLANG_WARN_BOOL_CONVERSION = YES;
				CLANG_WARN_COMMA = YES;
				CLANG_WARN_CONSTANT_CONVERSION = YES;
				CLANG_WARN_DEPRECATED_OBJC_IMPLEMENTATIONS = YES;
				CLANG_WARN_DIRECT_OBJC_ISA_USAGE = YES_ERROR;
				CLANG_WARN_DOCUMENTATION_COMMENTS = YES;
				CLANG_WARN_EMPTY_BODY = YES;
				CLANG_WARN_ENUM_CONVERSION = YES;
				CLANG_WARN_INFINITE_RECURSION = YES;
				CLANG_WARN_INT_CONVERSION = YES;
				CLANG_WARN_NON_LITERAL_NULL_CONVERSION = YES;
				CLANG_WARN_OBJC_IMPLICIT_RETAIN_SELF = YES;
				CLANG_WARN_OBJC_LITERAL_CONVERSION = YES;
				CLANG_WARN_OBJC_ROOT_CLASS = YES_ERROR;
				CLANG_WARN_RANGE_LOOP_ANALYSIS = YES;
				CLANG_WARN_STRICT_PROTOTYPES = YES;
				CLANG_WARN_SUSPICIOUS_MOVE = YES;
				CLANG_WARN_UNGUARDED_AVAILABILITY = YES_AGGRESSIVE;
				CLANG_WARN_UNREACHABLE_CODE = YES;
				CLANG_WARN__DUPLICATE_METHOD_MATCH = YES;
				CODE_SIGN_IDENTITY = "iPhone Developer";
				COPY_PHASE_STRIP = NO;
				DEBUG_INFORMATION_FORMAT = dwarf;
				ENABLE_STRICT_OBJC_MSGSEND = YES;
				ENABLE_TESTABILITY = YES;
				GCC_C_LANGUAGE_STANDARD = gnu11;
				GCC_DYNAMIC_NO_PIC = NO;
				GCC_NO_COMMON_BLOCKS = YES;
				GCC_OPTIMIZATION_LEVEL = 0;
				GCC_PREPROCESSOR_DEFINITIONS = (
					"DEBUG=1",
					"$(inherited)",
				);
				GCC_WARN_64_TO_32_BIT_CONVERSION = YES;
				GCC_WARN_ABOUT_RETURN_TYPE = YES_ERROR;
				GCC_WARN_UNDECLARED_SELECTOR = YES;
				GCC_WARN_UNINITIALIZED_AUTOS = YES_AGGRESSIVE;
				GCC_WARN_UNUSED_FUNCTION = YES;
				GCC_WARN_UNUSED_VARIABLE = YES;
				IPHONEOS_DEPLOYMENT_TARGET = 11.4;
				MTL_ENABLE_DEBUG_INFO = YES;
				ONLY_ACTIVE_ARCH = YES;
				SDKROOT = iphoneos;
				SWIFT_ACTIVE_COMPILATION_CONDITIONS = DEBUG;
				SWIFT_OPTIMIZATION_LEVEL = "-Onone";
			};
			name = Debug;
		};
		4AE6D46A20C7042100F61667 /* Release */ = {
			isa = XCBuildConfiguration;
			buildSettings = {
				ALWAYS_SEARCH_USER_PATHS = NO;
				CLANG_ANALYZER_NONNULL = YES;
				CLANG_ANALYZER_NUMBER_OBJECT_CONVERSION = YES_AGGRESSIVE;
				CLANG_CXX_LANGUAGE_STANDARD = "gnu++14";
				CLANG_CXX_LIBRARY = "libc++";
				CLANG_ENABLE_MODULES = YES;
				CLANG_ENABLE_OBJC_ARC = YES;
				CLANG_ENABLE_OBJC_WEAK = YES;
				CLANG_WARN_BLOCK_CAPTURE_AUTORELEASING = YES;
				CLANG_WARN_BOOL_CONVERSION = YES;
				CLANG_WARN_COMMA = YES;
				CLANG_WARN_CONSTANT_CONVERSION = YES;
				CLANG_WARN_DEPRECATED_OBJC_IMPLEMENTATIONS = YES;
				CLANG_WARN_DIRECT_OBJC_ISA_USAGE = YES_ERROR;
				CLANG_WARN_DOCUMENTATION_COMMENTS = YES;
				CLANG_WARN_EMPTY_BODY = YES;
				CLANG_WARN_ENUM_CONVERSION = YES;
				CLANG_WARN_INFINITE_RECURSION = YES;
				CLANG_WARN_INT_CONVERSION = YES;
				CLANG_WARN_NON_LITERAL_NULL_CONVERSION = YES;
				CLANG_WARN_OBJC_IMPLICIT_RETAIN_SELF = YES;
				CLANG_WARN_OBJC_LITERAL_CONVERSION = YES;
				CLANG_WARN_OBJC_ROOT_CLASS = YES_ERROR;
				CLANG_WARN_RANGE_LOOP_ANALYSIS = YES;
				CLANG_WARN_STRICT_PROTOTYPES = YES;
				CLANG_WARN_SUSPICIOUS_MOVE = YES;
				CLANG_WARN_UNGUARDED_AVAILABILITY = YES_AGGRESSIVE;
				CLANG_WARN_UNREACHABLE_CODE = YES;
				CLANG_WARN__DUPLICATE_METHOD_MATCH = YES;
				CODE_SIGN_IDENTITY = "iPhone Developer";
				COPY_PHASE_STRIP = NO;
				DEBUG_INFORMATION_FORMAT = "dwarf-with-dsym";
				ENABLE_NS_ASSERTIONS = NO;
				ENABLE_STRICT_OBJC_MSGSEND = YES;
				GCC_C_LANGUAGE_STANDARD = gnu11;
				GCC_NO_COMMON_BLOCKS = YES;
				GCC_WARN_64_TO_32_BIT_CONVERSION = YES;
				GCC_WARN_ABOUT_RETURN_TYPE = YES_ERROR;
				GCC_WARN_UNDECLARED_SELECTOR = YES;
				GCC_WARN_UNINITIALIZED_AUTOS = YES_AGGRESSIVE;
				GCC_WARN_UNUSED_FUNCTION = YES;
				GCC_WARN_UNUSED_VARIABLE = YES;
				IPHONEOS_DEPLOYMENT_TARGET = 11.4;
				MTL_ENABLE_DEBUG_INFO = NO;
				SDKROOT = iphoneos;
				SWIFT_COMPILATION_MODE = wholemodule;
				SWIFT_OPTIMIZATION_LEVEL = "-O";
				VALIDATE_PRODUCT = YES;
			};
			name = Release;
		};
		4AE6D46C20C7042100F61667 /* Debug */ = {
			isa = XCBuildConfiguration;
			baseConfigurationReference = 0B6614840E2C340577B925B1 /* Pods-Twitter.debug.xcconfig */;
			buildSettings = {
				ASSETCATALOG_COMPILER_APPICON_NAME = AppIcon;
				CODE_SIGN_STYLE = Automatic;
				DEVELOPMENT_TEAM = 694SF89BJ3;
				INFOPLIST_FILE = Twitter/Info.plist;
				LD_RUNPATH_SEARCH_PATHS = (
					"$(inherited)",
					"@executable_path/Frameworks",
				);
				PRODUCT_BUNDLE_IDENTIFIER = com.dopedevelopment.Twitter;
				PRODUCT_NAME = "$(TARGET_NAME)";
				SWIFT_VERSION = 4.0;
				TARGETED_DEVICE_FAMILY = "1,2";
			};
			name = Debug;
		};
		4AE6D46D20C7042100F61667 /* Release */ = {
			isa = XCBuildConfiguration;
			baseConfigurationReference = 6C55EB04E36952344B367D01 /* Pods-Twitter.release.xcconfig */;
			buildSettings = {
				ASSETCATALOG_COMPILER_APPICON_NAME = AppIcon;
				CODE_SIGN_STYLE = Automatic;
				DEVELOPMENT_TEAM = 694SF89BJ3;
				INFOPLIST_FILE = Twitter/Info.plist;
				LD_RUNPATH_SEARCH_PATHS = (
					"$(inherited)",
					"@executable_path/Frameworks",
				);
				PRODUCT_BUNDLE_IDENTIFIER = com.dopedevelopment.Twitter;
				PRODUCT_NAME = "$(TARGET_NAME)";
				SWIFT_VERSION = 4.0;
				TARGETED_DEVICE_FAMILY = "1,2";
			};
			name = Release;
		};
		4AE6D46F20C7042100F61667 /* Debug */ = {
			isa = XCBuildConfiguration;
			buildSettings = {
				ALWAYS_EMBED_SWIFT_STANDARD_LIBRARIES = YES;
				BUNDLE_LOADER = "$(TEST_HOST)";
				CODE_SIGN_STYLE = Automatic;
				DEVELOPMENT_TEAM = 694SF89BJ3;
				INFOPLIST_FILE = TwitterTests/Info.plist;
				LD_RUNPATH_SEARCH_PATHS = (
					"$(inherited)",
					"@executable_path/Frameworks",
					"@loader_path/Frameworks",
				);
				PRODUCT_BUNDLE_IDENTIFIER = com.dopedevelopment.TwitterTests;
				PRODUCT_NAME = "$(TARGET_NAME)";
				SWIFT_VERSION = 4.0;
				TARGETED_DEVICE_FAMILY = "1,2";
				TEST_HOST = "$(BUILT_PRODUCTS_DIR)/Twitter.app/Twitter";
			};
			name = Debug;
		};
		4AE6D47020C7042100F61667 /* Release */ = {
			isa = XCBuildConfiguration;
			buildSettings = {
				ALWAYS_EMBED_SWIFT_STANDARD_LIBRARIES = YES;
				BUNDLE_LOADER = "$(TEST_HOST)";
				CODE_SIGN_STYLE = Automatic;
				DEVELOPMENT_TEAM = 694SF89BJ3;
				INFOPLIST_FILE = TwitterTests/Info.plist;
				LD_RUNPATH_SEARCH_PATHS = (
					"$(inherited)",
					"@executable_path/Frameworks",
					"@loader_path/Frameworks",
				);
				PRODUCT_BUNDLE_IDENTIFIER = com.dopedevelopment.TwitterTests;
				PRODUCT_NAME = "$(TARGET_NAME)";
				SWIFT_VERSION = 4.0;
				TARGETED_DEVICE_FAMILY = "1,2";
				TEST_HOST = "$(BUILT_PRODUCTS_DIR)/Twitter.app/Twitter";
			};
			name = Release;
		};
/* End XCBuildConfiguration section */

/* Begin XCConfigurationList section */
		4AE6D44920C7041E00F61667 /* Build configuration list for PBXProject "Twitter" */ = {
			isa = XCConfigurationList;
			buildConfigurations = (
				4AE6D46920C7042100F61667 /* Debug */,
				4AE6D46A20C7042100F61667 /* Release */,
			);
			defaultConfigurationIsVisible = 0;
			defaultConfigurationName = Release;
		};
		4AE6D46B20C7042100F61667 /* Build configuration list for PBXNativeTarget "Twitter" */ = {
			isa = XCConfigurationList;
			buildConfigurations = (
				4AE6D46C20C7042100F61667 /* Debug */,
				4AE6D46D20C7042100F61667 /* Release */,
			);
			defaultConfigurationIsVisible = 0;
			defaultConfigurationName = Release;
		};
		4AE6D46E20C7042100F61667 /* Build configuration list for PBXNativeTarget "TwitterTests" */ = {
			isa = XCConfigurationList;
			buildConfigurations = (
				4AE6D46F20C7042100F61667 /* Debug */,
				4AE6D47020C7042100F61667 /* Release */,
			);
			defaultConfigurationIsVisible = 0;
			defaultConfigurationName = Release;
		};
/* End XCConfigurationList section */
	};
	rootObject = 4AE6D44620C7041E00F61667 /* Project object */;
}
