PODS:
  - Alamofire (4.7.2)
  - DateToolsSwift (4.0.0)
  - Differentiator (3.0.2)
  - PromiseKit (6.2.8):
    - PromiseKit/CorePromise (= 6.2.8)
    - PromiseKit/Foundation (= 6.2.8)
    - PromiseKit/UIKit (= 6.2.8)
  - PromiseKit/CorePromise (6.2.8)
  - PromiseKit/Foundation (6.2.8):
    - PromiseKit/CorePromise
  - PromiseKit/UIKit (6.2.8):
    - PromiseKit/CorePromise
  - R.swift (4.0.0):
    - R.swift.Library (~> 4.0.0)
  - R.swift.Library (4.0.0)
  - ReSwift (4.0.1)
  - RxCocoa (4.1.2):
    - RxSwift (~> 4.0)
  - RxDataSources (3.0.2):
    - Differentiator (~> 3.0)
    - RxCocoa (~> 4.0)
    - RxSwift (~> 4.0)
  - RxSwift (4.1.2)
  - SDWebImage (4.4.0):
    - SDWebImage/Core (= 4.4.0)
  - SDWebImage/Core (4.4.0)
  - SwiftMessages (4.1.4):
    - SwiftMessages/App (= 4.1.4)
  - SwiftMessages/App (4.1.4)
  - SwiftyJSON (4.1.0)

DEPENDENCIES:
  - Alamofire
  - DateToolsSwift
  - PromiseKit
  - R.swift
  - ReSwift
  - RxCocoa (~> 4.1)
  - RxDataSources (~> 3.0)
  - RxSwift (~> 4.1)
  - SDWebImage
  - SwiftMessages
  - SwiftyJSON

SPEC REPOS:
  https://github.com/cocoapods/specs.git:
    - Alamofire
    - DateToolsSwift
    - Differentiator
    - PromiseKit
    - R.swift
    - R.swift.Library
    - ReSwift
    - RxCocoa
    - RxDataSources
    - RxSwift
    - SDWebImage
    - SwiftMessages
    - SwiftyJSON

SPEC CHECKSUMS:
  Alamofire: e4fa87002c137ba2d8d634d2c51fabcda0d5c223
  DateToolsSwift: 875d97ff9e3a5d54abdd67a269b3f51c757b71ab
  Differentiator: a87be69eba49ec4ab460c7671143ee3a9eececfd
  PromiseKit: 6788ce1a0ed5448b83d4aaf56b9fc49fb7647d32
  R.swift: d6a5ec2f55a8441dc0ed9f1f8b37d7d11ae85c66
  R.swift.Library: c3af34921024333546e23b70e70d0b4e0cffca75
  ReSwift: f4012c613e13da7398827fe5aebdb938eaed40a3
  RxCocoa: d88ba0f1f6abf040011a9eb4b539324fc426843a
  RxDataSources: cb7c31e652a87ebb919da45f716bbb87b3765f6b
  RxSwift: e49536837d9901277638493ea537394d4b55f570
  SDWebImage: b534502786e43dde36dfcaee89356fe6df30e203
  SwiftMessages: 2c33fdee8b8f38dfc7e1036684456b505891da8c
  SwiftyJSON: c29297daf073d2aa016295d5809cdd68045c39b3

PODFILE CHECKSUM: 4abb7543855f84bdacdf12f3cae5c822abcaf2a2

COCOAPODS: 1.5.3
